<?xml version="1.0" encoding="utf-8"?>
<Project ToolsVersion="4.0" xmlns="http://schemas.microsoft.com/developer/msbuild/2003">
  <ItemGroup>
    <Filter Include="Source Files">
      <UniqueIdentifier>{4FC737F1-C7A5-4376-A066-2A32D752A2FF}</UniqueIdentifier>
      <Extensions>cpp;c;cc;cxx;c++;cppm;ixx;def;odl;idl;hpj;bat;asm;asmx</Extensions>
    </Filter>
    <Filter Include="Header Files">
      <UniqueIdentifier>{93995380-89BD-4b04-88EB-625FBE52EBFB}</UniqueIdentifier>
      <Extensions>h;hh;hpp;hxx;h++;hm;inl;inc;ipp;xsd</Extensions>
    </Filter>
    <Filter Include="Resource Files">
      <UniqueIdentifier>{67DA6AB6-F800-4c08-8B7A-83BB121AAD01}</UniqueIdentifier>
      <Extensions>rc;ico;cur;bmp;dlg;rc2;rct;bin;rgs;gif;jpg;jpeg;jpe;resx;tiff;tif;png;wav;mfcribbon-ms</Extensions>
    </Filter>
  </ItemGroup>
  <ItemGroup>
    <ClCompile Include="..\..\..\..\..\..\OpenGLStuff\GLAD\glad.c">
      <Filter>Source Files</Filter>
    </ClCompile>
    <ClCompile Include="IDKMain.cpp">
      <Filter>Source Files</Filter>
    </ClCompile>
    <ClCompile Include="Source\stb_image.cpp">
      <Filter>Source Files</Filter>
    </ClCompile>
    <ClCompile Include="Source\Entity.cpp">
      <Filter>Source Files</Filter>
    </ClCompile>
    <ClCompile Include="Source\AnimatedObject.cpp">
      <Filter>Source Files</Filter>
    </ClCompile>
    <ClCompile Include="Source\Player.cpp">
      <Filter>Source Files</Filter>
    </ClCompile>
    <ClCompile Include="Source\Enemy.cpp">
      <Filter>Source Files</Filter>
    </ClCompile>
    <ClCompile Include="Source\Platform.cpp">
      <Filter>Source Files</Filter>
    </ClCompile>
    <ClCompile Include="Source\MapReader.cpp">
      <Filter>Source Files</Filter>
    </ClCompile>
    <ClCompile Include="Source\MovingObject.cpp">
      <Filter>Source Files</Filter>
    </ClCompile>
    <ClCompile Include="Source\ObjectCollider.cpp">
      <Filter>Source Files</Filter>
    </ClCompile>
    <ClCompile Include="Source\Object.cpp">
      <Filter>Source Files</Filter>
    </ClCompile>
  </ItemGroup>
  <ItemGroup>
    <ClInclude Include="Headers\Shader.hpp">
      <Filter>Header Files</Filter>
    </ClInclude>
    <ClInclude Include="Headers\stb_image.h">
      <Filter>Header Files</Filter>
    </ClInclude>
    <ClInclude Include="Headers\Texture.h">
      <Filter>Header Files</Filter>
    </ClInclude>
    <ClInclude Include="Headers\Object.h">
      <Filter>Header Files</Filter>
    </ClInclude>
    <ClInclude Include="Headers\Entity.h">
      <Filter>Header Files</Filter>
    </ClInclude>
    <ClInclude Include="Headers\AnimatedObject.h">
      <Filter>Header Files</Filter>
    </ClInclude>
    <ClInclude Include="Headers\Spritesheet.h">
      <Filter>Header Files</Filter>
    </ClInclude>
    <ClInclude Include="Headers\Player.h">
      <Filter>Header Files</Filter>
    </ClInclude>
    <ClInclude Include="Headers\Enemy.h">
      <Filter>Header Files</Filter>
    </ClInclude>
    <ClInclude Include="Headers\Platform.h">
      <Filter>Header Files</Filter>
    </ClInclude>
    <ClInclude Include="Headers\SolidAnimatedObject.h">
      <Filter>Header Files</Filter>
    </ClInclude>
    <ClInclude Include="Headers\MapReader.h">
      <Filter>Header Files</Filter>
    </ClInclude>
    <ClInclude Include="Headers\Map.h">
      <Filter>Header Files</Filter>
    </ClInclude>
    <ClInclude Include="Headers\Anchor.h">
      <Filter>Header Files</Filter>
    </ClInclude>
    <ClInclude Include="Headers\Timer.h">
      <Filter>Header Files</Filter>
    </ClInclude>
    <ClInclude Include="Headers\Atlas.h">
      <Filter>Header Files</Filter>
    </ClInclude>
    <ClInclude Include="Headers\MovingObject.h">
      <Filter>Header Files</Filter>
    </ClInclude>
    <ClInclude Include="Headers\ObjectCollider.h">
      <Filter>Header Files</Filter>
    </ClInclude>
    <ClInclude Include="Headers\State.h">
      <Filter>Header Files</Filter>
    </ClInclude>
  </ItemGroup>
  <ItemGroup>
    <None Include="Shaders\textureShader.vs" />
    <None Include="Shaders\textureShader.fs" />
  </ItemGroup>
  <ItemGroup>
    <Image Include="Textures\BackGround.png">
      <Filter>Resource Files</Filter>
    </Image>
    <Image Include="Textures\TextureNotFound.png">
      <Filter>Resource Files</Filter>
    </Image>
    <Image Include="Textures\TextureImages\PlayerSpritesheet.png">
      <Filter>Resource Files</Filter>
    </Image>
    <Image Include="Textures\Taizer_SS.png">
      <Filter>Resource Files</Filter>
    </Image>
    <Image Include="Textures\PlatformAtlas.png">
      <Filter>Resource Files</Filter>
    </Image>
    <Image Include="Textures\ParkourMan_SS.png">
      <Filter>Resource Files</Filter>
    </Image>
    <Image Include="Textures\Map_Atlas.png">
      <Filter>Resource Files</Filter>
    </Image>
    <Image Include="Textures\CitySkyline_Bg.png">
      <Filter>Resource Files</Filter>
    </Image>
  </ItemGroup>
  <ItemGroup>
    <Text Include="Maps\Map.txt" />
    <Text Include="Maps\MapTwo.txt" />
  </ItemGroup>
</Project>